{
  "name": "upcloud-explorer",
  "version": "0.0.1",
  "lockfileVersion": 3,
  "requires": true,
  "packages": {
    "": {
      "name": "upcloud-explorer",
      "workspaces": [
        "common",
        "extension-upcloud",
        "extension-example"
      ],
      "devDependencies": {
        "@types/node": "^20.14.15",
        "@types/vscode": "^1.90.0",
        "typescript": "^5.5.4"
      }
    },
    "common": {
      "name": "@upcloud/common",
      "version": "0.0.1"
    },
    "extension-example": {
      "version": "0.0.1",
      "dependencies": {
        "@upcloud/common": "0.0.1"
      },
      "engines": {
        "vscode": "^1.90.0"
      }
    },
    "extension-upcloud": {
      "version": "0.0.1",
      "dependencies": {
        "@upcloud/common": "0.0.1"
      },
      "engines": {
        "vscode": "^1.90.0"
      }
    },
    "node_modules/@types/node": {
      "version": "20.19.35",
      "resolved": "https://registry.npmjs.org/@types/node/-/node-20.19.35.tgz",
      "integrity": "sha512-Uarfe6J91b9HAUXxjvSOdiO2UPOKLm07Q1oh0JHxoZ1y8HoqxDAu3gVrsrOHeiio0kSsoVBt4wFrKOm0dKxVPQ==",
      "dev": true,
      "license": "MIT",
      "dependencies": {
        "undici-types": "~6.21.0"
      }
    },
    "node_modules/@types/vscode": {
      "version": "1.109.0",
      "resolved": "https://registry.npmjs.org/@types/vscode/-/vscode-1.109.0.tgz",
      "integrity": "sha512-0Pf95rnwEIwDbmXGC08r0B4TQhAbsHQ5UyTIgVgoieDe4cOnf92usuR5dEczb6bTKEp7ziZH4TV1TRGPPCExtw==",
      "dev": true,
      "license": "MIT"
    },
    "node_modules/@upcloud/common": {
      "resolved": "common",
      "link": true
    },
    "node_modules/extension-example": {
      "resolved": "extension-example",
      "link": true
    },
    "node_modules/extension-upcloud": {
      "resolved": "extension-upcloud",
      "link": true
    },
    "node_modules/typescript": {
      "version": "5.9.3",
      "resolved": "https://registry.npmjs.org/typescript/-/typescript-5.9.3.tgz",
      "integrity": "sha512-jl1vZzPDinLr9eUt3J/t7V6FgNEw9QjvBPdysz9KfQDD41fQrC2Y4vKQdiaUpFT4bXlb1RHhLpp8wtm6M5TgSw==",
      "dev": true,
      "license": "Apache-2.0",
      "bin": {
        "tsc": "bin/tsc",
        "tsserver": "bin/tsserver"
      },
      "engines": {
        "node": ">=14.17"
      }
    },
    "node_modules/undici-types": {
      "version": "6.21.0",
      "resolved": "https://registry.npmjs.org/undici-types/-/undici-types-6.21.0.tgz",
      "integrity": "sha512-iwDZqg0QAGrg9Rav5H4n0M64c3mkR59cJ6wQp+7C4nI0gsmExaedaYLNO44eT4AtBBwjbTiGPMlt2Md0T9H9JQ==",
      "dev": true,
      "license": "MIT"
    }
  }
}
